<?xml version="1.0" encoding="utf-8"?>
<Project ToolsVersion="4.0" xmlns="http://schemas.microsoft.com/developer/msbuild/2003">
  <ItemGroup>
    <Filter Include="common">
      <UniqueIdentifier>{4FC737F1-C7A5-4376-A066-2A32D752A2FF}</UniqueIdentifier>
      <Extensions>cpp;c;cc;cxx;def;odl;idl;hpj;bat;asm;asmx</Extensions>
    </Filter>
    <Filter Include="XCodeObfuscator">
      <UniqueIdentifier>{67DA6AB6-F800-4c08-8B7A-83BB121AAD01}</UniqueIdentifier>
      <Extensions>rc;ico;cur;bmp;dlg;rc2;rct;bin;rgs;gif;jpg;jpeg;jpe;resx;tiff;tif;png;wav;mfcribbon-ms</Extensions>
    </Filter>
    <Filter Include="XCodeObfuscator\utils">
      <UniqueIdentifier>{c80a6695-2aa6-4b68-97d1-22b0d19d1a3c}</UniqueIdentifier>
    </Filter>
    <Filter Include="XCodeObfuscator\analyzer">
      <UniqueIdentifier>{b1bcaa28-e45f-4cf1-9825-3ea8062a2a9a}</UniqueIdentifier>
    </Filter>
    <Filter Include="XCodeObfuscator\memory_manager">
      <UniqueIdentifier>{5f0a1c70-d6a2-4d83-a045-f9dae9c214b4}</UniqueIdentifier>
    </Filter>
    <Filter Include="XCodeObfuscator\generator">
      <UniqueIdentifier>{4091bddd-10ff-476f-aaeb-f0f0f9db2911}</UniqueIdentifier>
    </Filter>
    <Filter Include="XCodeObfuscator\obfuscator">
      <UniqueIdentifier>{0f3754b6-0578-43d3-8dac-6366b2cc2545}</UniqueIdentifier>
    </Filter>
  </ItemGroup>
  <ItemGroup>
    <ClCompile Include="main.cpp">
      <Filter>common</Filter>
    </ClCompile>
    <ClCompile Include="xcode_analyzer.cpp">
      <Filter>XCodeObfuscator\analyzer</Filter>
    </ClCompile>
    <ClCompile Include="xcode_mem_manager.cpp">
      <Filter>XCodeObfuscator\memory_manager</Filter>
    </ClCompile>
    <ClCompile Include="xcode_mem_generator.cpp">
      <Filter>XCodeObfuscator\generator</Filter>
    </ClCompile>
    <ClCompile Include="xcode_obfuscator.cpp">
      <Filter>XCodeObfuscator\obfuscator</Filter>
    </ClCompile>
  </ItemGroup>
  <ItemGroup>
    <ClInclude Include="xcode_obfuscator_utils.hpp">
      <Filter>XCodeObfuscator\utils</Filter>
    </ClInclude>
    <ClInclude Include="xcode_analyzer.hpp">
      <Filter>XCodeObfuscator\analyzer</Filter>
    </ClInclude>
    <ClInclude Include="xcode_mem_manager.hpp">
      <Filter>XCodeObfuscator\memory_manager</Filter>
    </ClInclude>
    <ClInclude Include="xcode_mem_generator.hpp">
      <Filter>XCodeObfuscator\generator</Filter>
    </ClInclude>
    <ClInclude Include="xcode_obfuscator.hpp">
      <Filter>XCodeObfuscator\obfuscator</Filter>
    </ClInclude>
  </ItemGroup>
</Project>